{
  "nodes": {
    "nixpkgs": {
      "locked": {
        "lastModified": 1681725767,
        "narHash": "sha256-T8qfqHzORgXLm14TOsC++xJ0ZwHfnjFNczgmzdTohPE=",
        "owner": "nixos",
        "repo": "nixpkgs",
        "rev": "562e2b138076fc4eecc8c54067cec8a6af787dbe",
        "type": "github"
      },
      "original": {
        "owner": "nixos",
        "repo": "nixpkgs",
        "type": "github"
      }
    },
    "root": {
      "inputs": {
        "nixpkgs": "nixpkgs"
      }
    }
  },
  "root": "root",
  "version": 7
}
